<?xml version="1.0" encoding="utf-8"?>
<Project ToolsVersion="4.0" xmlns="http://schemas.microsoft.com/developer/msbuild/2003">
  <ItemGroup>
    <ClInclude Include="stdafx.h" />
    <ClInclude Include="utilities\Vector3.h" />
    <ClInclude Include="utilities\singletonBase.h" />
    <ClInclude Include="utilities\ResourceManager.h" />
    <ClInclude Include="systems\windows.h" />
    <ClInclude Include="systems\Keyboard.h" />
    <ClInclude Include="systems\Timer.h" />
  </ItemGroup>
  <ItemGroup>
    <ClCompile Include="winMain.cpp" />
    <ClCompile Include="utilities\ResourceManager.cpp" />
    <ClCompile Include="systems\windows.cpp" />
    <ClCompile Include="systems\Keyboard.cpp" />
    <ClCompile Include="systems\Timer.cpp" />
  </ItemGroup>
</Project>